
Microsoft Visual Studio Solution File, Format Version 12.00
# Visual Studio 15
VisualStudioVersion = 15.0.28307.960
MinimumVisualStudioVersion = 10.0.40219.1
Project("{FAE04EC0-301F-11D3-BF4B-00C04F79EFBC}") = "Cape Changer", "Cape Changer\Cape Changer.csproj", "{473BE2AF-B7B0-48E2-8AB7-B5CD920317CE}"
EndProject
Global
	GlobalSection(SolutionConfigurationPlatforms) = preSolution
		Debug|Any CPU = Debug|Any CPU
		Debug|x64 = Debug|x64
		Release|Any CPU = Release|Any CPU
		Release|x64 = Release|x64
	EndGlobalSection
	GlobalSection(ProjectConfigurationPlatforms) = postSolution
		{473BE2AF-B7B0-48E2-8AB7-B5CD920317CE}.Debug|Any CPU.ActiveCfg = Debug|Any CPU
		{473BE2AF-B7B0-48E2-8AB7-B5CD920317CE}.Debug|Any CPU.Build.0 = Debug|Any CPU
		{473BE2AF-B7B0-48E2-8AB7-B5CD920317CE}.Debug|x64.ActiveCfg = Debug|x64
		{473BE2AF-B7B0-48E2-8AB7-B5CD920317CE}.Debug|x64.Build.0 = Debug|x64
		{473BE2AF-B7B0-48E2-8AB7-B5CD920317CE}.Release|Any CPU.ActiveCfg = Release|Any CPU
		{473BE2AF-B7B0-48E2-8AB7-B5CD920317CE}.Release|Any CPU.Build.0 = Release|Any CPU
		{473BE2AF-B7B0-48E2-8AB7-B5CD920317CE}.Release|x64.ActiveCfg = Release|x64
		{473BE2AF-B7B0-48E2-8AB7-B5CD920317CE}.Release|x64.Build.0 = Release|x64
	EndGlobalSection
	GlobalSection(SolutionProperties) = preSolution
		HideSolutionNode = FALSE
	EndGlobalSection
	GlobalSection(ExtensibilityGlobals) = postSolution
		SolutionGuid = {7A438275-42AB-4D60-BDD8-ED5348E83575}
	EndGlobalSection
EndGlobal
